
Microsoft Visual Studio Solution File, Format Version 12.00
# Visual Studio 15
VisualStudioVersion = 15.0.28010.2019
MinimumVisualStudioVersion = 10.0.40219.1
Project("{8BC9CEB8-8B4A-11D0-8D11-00A0C91BC942}") = "L001_ex000_exbasico", "L001_ex000_exbasico\L001_ex000_exbasico.vcxproj", "{AFB31A4B-064B-4F38-9F2C-583B31EEB512}"
EndProject
Project("{8BC9CEB8-8B4A-11D0-8D11-00A0C91BC942}") = "L001_ex001_somasimples", "L001_ex001_somasimples\L001_ex001_somasimples.vcxproj", "{E9BBC78A-507C-4DA8-B548-52C1946A1800}"
EndProject
Project("{8BC9CEB8-8B4A-11D0-8D11-00A0C91BC942}") = "L001_ex002_combustivel", "L001_ex002_combustivel\L001_ex002_combustivel.vcxproj", "{97978FF6-CF5E-4C8A-BDA6-E436CEC2E6C5}"
EndProject
Project("{8BC9CEB8-8B4A-11D0-8D11-00A0C91BC942}") = "L001_ex003_jogopaula", "L001_ex003_jogopaula\L001_ex003_jogopaula.vcxproj", "{0BA88973-B889-4C3E-8FC3-CEE6004B7802}"
EndProject
Project("{8BC9CEB8-8B4A-11D0-8D11-00A0C91BC942}") = "L001_ex004_media1", "L001_ex004_media1\L001_ex004_media1.vcxproj", "{2D29824D-CDDD-492B-A61B-A2959D629B28}"
EndProject
Project("{8BC9CEB8-8B4A-11D0-8D11-00A0C91BC942}") = "L001_ex005_esfera", "L001_ex005_esfera\L001_ex005_esfera.vcxproj", "{6CAB1935-DEE6-4198-ACA4-6C213CE858C5}"
EndProject
Project("{8BC9CEB8-8B4A-11D0-8D11-00A0C91BC942}") = "L001_ex006_omaior", "L001_ex006_omaior\L001_ex006_omaior.vcxproj", "{6DA10847-90C0-48E1-B4A2-282E999514F5}"
EndProject
Project("{8BC9CEB8-8B4A-11D0-8D11-00A0C91BC942}") = "L001_ex007_idadedias", "L001_ex007_idadedias\L001_ex007_idadedias.vcxproj", "{8517DFB8-EAC0-4E95-A896-C8B9E6203179}"
EndProject
Project("{8BC9CEB8-8B4A-11D0-8D11-00A0C91BC942}") = "L001_ex008_intervalo", "L001_ex008_intervalo\L001_ex008_intervalo.vcxproj", "{9DB8068E-90F8-4190-9E5C-010802E53A67}"
EndProject
Project("{8BC9CEB8-8B4A-11D0-8D11-00A0C91BC942}") = "L001_ex009_tempojogo", "L001_ex009_tempojogo\L001_ex009_tempojogo.vcxproj", "{344420B2-359C-4611-BFBF-5F6B751B7920}"
EndProject
Project("{8BC9CEB8-8B4A-11D0-8D11-00A0C91BC942}") = "L002_ex000_criptografia", "L002_ex000_criptografia\L002_ex000_criptografia.vcxproj", "{FB488B90-3D13-4850-998A-F4421F936B0D}"
EndProject
Project("{8BC9CEB8-8B4A-11D0-8D11-00A0C91BC942}") = "L002_ex001_trilhos", "L002_ex001_trilhos\L002_ex001_trilhos.vcxproj", "{9439A63F-B91E-4AE9-B301-0631717066E0}"
EndProject
Project("{8BC9CEB8-8B4A-11D0-8D11-00A0C91BC942}") = "L002_ex002_combinador", "L002_ex002_combinador\L002_ex002_combinador.vcxproj", "{754F45A6-A635-4424-9ABE-DFB1E85FB222}"
EndProject
Project("{8BC9CEB8-8B4A-11D0-8D11-00A0C91BC942}") = "L002_ex003_tecladoquebrado", "L002_ex003_tecladoquebrado\L002_ex003_tecladoquebrado.vcxproj", "{0741319F-24A2-4BF5-A6D7-DCE6B58106BE}"
EndProject
Project("{8BC9CEB8-8B4A-11D0-8D11-00A0C91BC942}") = "L002_ex004_parafusosporca", "L002_ex004_parafusosporca\L002_ex004_parafusosporca.vcxproj", "{6AF01C4E-3A88-4902-9373-66BCB86CB890}"
EndProject
Project("{8BC9CEB8-8B4A-11D0-8D11-00A0C91BC942}") = "L002_ex005_oelfo", "L002_ex005_oelfo\L002_ex005_oelfo.vcxproj", "{7E3099DC-5CDB-4ACA-8949-F8404C8A2A33}"
EndProject
Project("{8BC9CEB8-8B4A-11D0-8D11-00A0C91BC942}") = "L002_ex006_fatorial", "L002_ex006_fatorial\L002_ex006_fatorial.vcxproj", "{5F8A9AD4-94D6-4A51-B948-CB3DD916F3DB}"
EndProject
Project("{8BC9CEB8-8B4A-11D0-8D11-00A0C91BC942}") = "L002_ex007_jogoestrategia", "L002_ex007_jogoestrategia\L002_ex007_jogoestrategia.vcxproj", "{A9C3A3DE-2D3D-4B27-A2FF-B932B878E586}"
EndProject
Project("{8BC9CEB8-8B4A-11D0-8D11-00A0C91BC942}") = "L002_ex008_listacompra", "L002_ex008_listacompra\L002_ex008_listacompra.vcxproj", "{FB1FD5FE-5394-4CC2-B34D-84455EE3CA00}"
EndProject
Project("{8BC9CEB8-8B4A-11D0-8D11-00A0C91BC942}") = "L002_ex009_enigma", "L002_ex009_enigma\L002_ex009_enigma.vcxproj", "{BF4F1280-A051-4095-8EBA-EB807CE618C1}"
EndProject
Global
	GlobalSection(SolutionConfigurationPlatforms) = preSolution
		Debug|x64 = Debug|x64
		Debug|x86 = Debug|x86
		Release|x64 = Release|x64
		Release|x86 = Release|x86
	EndGlobalSection
	GlobalSection(ProjectConfigurationPlatforms) = postSolution
		{AFB31A4B-064B-4F38-9F2C-583B31EEB512}.Debug|x64.ActiveCfg = Debug|x64
		{AFB31A4B-064B-4F38-9F2C-583B31EEB512}.Debug|x64.Build.0 = Debug|x64
		{AFB31A4B-064B-4F38-9F2C-583B31EEB512}.Debug|x86.ActiveCfg = Debug|Win32
		{AFB31A4B-064B-4F38-9F2C-583B31EEB512}.Debug|x86.Build.0 = Debug|Win32
		{AFB31A4B-064B-4F38-9F2C-583B31EEB512}.Release|x64.ActiveCfg = Release|x64
		{AFB31A4B-064B-4F38-9F2C-583B31EEB512}.Release|x64.Build.0 = Release|x64
		{AFB31A4B-064B-4F38-9F2C-583B31EEB512}.Release|x86.ActiveCfg = Release|Win32
		{AFB31A4B-064B-4F38-9F2C-583B31EEB512}.Release|x86.Build.0 = Release|Win32
		{E9BBC78A-507C-4DA8-B548-52C1946A1800}.Debug|x64.ActiveCfg = Debug|x64
		{E9BBC78A-507C-4DA8-B548-52C1946A1800}.Debug|x64.Build.0 = Debug|x64
		{E9BBC78A-507C-4DA8-B548-52C1946A1800}.Debug|x86.ActiveCfg = Debug|Win32
		{E9BBC78A-507C-4DA8-B548-52C1946A1800}.Debug|x86.Build.0 = Debug|Win32
		{E9BBC78A-507C-4DA8-B548-52C1946A1800}.Release|x64.ActiveCfg = Release|x64
		{E9BBC78A-507C-4DA8-B548-52C1946A1800}.Release|x64.Build.0 = Release|x64
		{E9BBC78A-507C-4DA8-B548-52C1946A1800}.Release|x86.ActiveCfg = Release|Win32
		{E9BBC78A-507C-4DA8-B548-52C1946A1800}.Release|x86.Build.0 = Release|Win32
		{97978FF6-CF5E-4C8A-BDA6-E436CEC2E6C5}.Debug|x64.ActiveCfg = Debug|x64
		{97978FF6-CF5E-4C8A-BDA6-E436CEC2E6C5}.Debug|x64.Build.0 = Debug|x64
		{97978FF6-CF5E-4C8A-BDA6-E436CEC2E6C5}.Debug|x86.ActiveCfg = Debug|Win32
		{97978FF6-CF5E-4C8A-BDA6-E436CEC2E6C5}.Debug|x86.Build.0 = Debug|Win32
		{97978FF6-CF5E-4C8A-BDA6-E436CEC2E6C5}.Release|x64.ActiveCfg = Release|x64
		{97978FF6-CF5E-4C8A-BDA6-E436CEC2E6C5}.Release|x64.Build.0 = Release|x64
		{97978FF6-CF5E-4C8A-BDA6-E436CEC2E6C5}.Release|x86.ActiveCfg = Release|Win32
		{97978FF6-CF5E-4C8A-BDA6-E436CEC2E6C5}.Release|x86.Build.0 = Release|Win32
		{0BA88973-B889-4C3E-8FC3-CEE6004B7802}.Debug|x64.ActiveCfg = Debug|x64
		{0BA88973-B889-4C3E-8FC3-CEE6004B7802}.Debug|x64.Build.0 = Debug|x64
		{0BA88973-B889-4C3E-8FC3-CEE6004B7802}.Debug|x86.ActiveCfg = Debug|Win32
		{0BA88973-B889-4C3E-8FC3-CEE6004B7802}.Debug|x86.Build.0 = Debug|Win32
		{0BA88973-B889-4C3E-8FC3-CEE6004B7802}.Release|x64.ActiveCfg = Release|x64
		{0BA88973-B889-4C3E-8FC3-CEE6004B7802}.Release|x64.Build.0 = Release|x64
		{0BA88973-B889-4C3E-8FC3-CEE6004B7802}.Release|x86.ActiveCfg = Release|Win32
		{0BA88973-B889-4C3E-8FC3-CEE6004B7802}.Release|x86.Build.0 = Release|Win32
		{2D29824D-CDDD-492B-A61B-A2959D629B28}.Debug|x64.ActiveCfg = Debug|x64
		{2D29824D-CDDD-492B-A61B-A2959D629B28}.Debug|x64.Build.0 = Debug|x64
		{2D29824D-CDDD-492B-A61B-A2959D629B28}.Debug|x86.ActiveCfg = Debug|Win32
		{2D29824D-CDDD-492B-A61B-A2959D629B28}.Debug|x86.Build.0 = Debug|Win32
		{2D29824D-CDDD-492B-A61B-A2959D629B28}.Release|x64.ActiveCfg = Release|x64
		{2D29824D-CDDD-492B-A61B-A2959D629B28}.Release|x64.Build.0 = Release|x64
		{2D29824D-CDDD-492B-A61B-A2959D629B28}.Release|x86.ActiveCfg = Release|Win32
		{2D29824D-CDDD-492B-A61B-A2959D629B28}.Release|x86.Build.0 = Release|Win32
		{6CAB1935-DEE6-4198-ACA4-6C213CE858C5}.Debug|x64.ActiveCfg = Debug|x64
		{6CAB1935-DEE6-4198-ACA4-6C213CE858C5}.Debug|x64.Build.0 = Debug|x64
		{6CAB1935-DEE6-4198-ACA4-6C213CE858C5}.Debug|x86.ActiveCfg = Debug|Win32
		{6CAB1935-DEE6-4198-ACA4-6C213CE858C5}.Debug|x86.Build.0 = Debug|Win32
		{6CAB1935-DEE6-4198-ACA4-6C213CE858C5}.Release|x64.ActiveCfg = Release|x64
		{6CAB1935-DEE6-4198-ACA4-6C213CE858C5}.Release|x64.Build.0 = Release|x64
		{6CAB1935-DEE6-4198-ACA4-6C213CE858C5}.Release|x86.ActiveCfg = Release|Win32
		{6CAB1935-DEE6-4198-ACA4-6C213CE858C5}.Release|x86.Build.0 = Release|Win32
		{6DA10847-90C0-48E1-B4A2-282E999514F5}.Debug|x64.ActiveCfg = Debug|x64
		{6DA10847-90C0-48E1-B4A2-282E999514F5}.Debug|x64.Build.0 = Debug|x64
		{6DA10847-90C0-48E1-B4A2-282E999514F5}.Debug|x86.ActiveCfg = Debug|Win32
		{6DA10847-90C0-48E1-B4A2-282E999514F5}.Debug|x86.Build.0 = Debug|Win32
		{6DA10847-90C0-48E1-B4A2-282E999514F5}.Release|x64.ActiveCfg = Release|x64
		{6DA10847-90C0-48E1-B4A2-282E999514F5}.Release|x64.Build.0 = Release|x64
		{6DA10847-90C0-48E1-B4A2-282E999514F5}.Release|x86.ActiveCfg = Release|Win32
		{6DA10847-90C0-48E1-B4A2-282E999514F5}.Release|x86.Build.0 = Release|Win32
		{8517DFB8-EAC0-4E95-A896-C8B9E6203179}.Debug|x64.ActiveCfg = Debug|x64
		{8517DFB8-EAC0-4E95-A896-C8B9E6203179}.Debug|x64.Build.0 = Debug|x64
		{8517DFB8-EAC0-4E95-A896-C8B9E6203179}.Debug|x86.ActiveCfg = Debug|Win32
		{8517DFB8-EAC0-4E95-A896-C8B9E6203179}.Debug|x86.Build.0 = Debug|Win32
		{8517DFB8-EAC0-4E95-A896-C8B9E6203179}.Release|x64.ActiveCfg = Release|x64
		{8517DFB8-EAC0-4E95-A896-C8B9E6203179}.Release|x64.Build.0 = Release|x64
		{8517DFB8-EAC0-4E95-A896-C8B9E6203179}.Release|x86.ActiveCfg = Release|Win32
		{8517DFB8-EAC0-4E95-A896-C8B9E6203179}.Release|x86.Build.0 = Release|Win32
		{9DB8068E-90F8-4190-9E5C-010802E53A67}.Debug|x64.ActiveCfg = Debug|x64
		{9DB8068E-90F8-4190-9E5C-010802E53A67}.Debug|x64.Build.0 = Debug|x64
		{9DB8068E-90F8-4190-9E5C-010802E53A67}.Debug|x86.ActiveCfg = Debug|Win32
		{9DB8068E-90F8-4190-9E5C-010802E53A67}.Debug|x86.Build.0 = Debug|Win32
		{9DB8068E-90F8-4190-9E5C-010802E53A67}.Release|x64.ActiveCfg = Release|x64
		{9DB8068E-90F8-4190-9E5C-010802E53A67}.Release|x64.Build.0 = Release|x64
		{9DB8068E-90F8-4190-9E5C-010802E53A67}.Release|x86.ActiveCfg = Release|Win32
		{9DB8068E-90F8-4190-9E5C-010802E53A67}.Release|x86.Build.0 = Release|Win32
		{344420B2-359C-4611-BFBF-5F6B751B7920}.Debug|x64.ActiveCfg = Debug|x64
		{344420B2-359C-4611-BFBF-5F6B751B7920}.Debug|x64.Build.0 = Debug|x64
		{344420B2-359C-4611-BFBF-5F6B751B7920}.Debug|x86.ActiveCfg = Debug|Win32
		{344420B2-359C-4611-BFBF-5F6B751B7920}.Debug|x86.Build.0 = Debug|Win32
		{344420B2-359C-4611-BFBF-5F6B751B7920}.Release|x64.ActiveCfg = Release|x64
		{344420B2-359C-4611-BFBF-5F6B751B7920}.Release|x64.Build.0 = Release|x64
		{344420B2-359C-4611-BFBF-5F6B751B7920}.Release|x86.ActiveCfg = Release|Win32
		{344420B2-359C-4611-BFBF-5F6B751B7920}.Release|x86.Build.0 = Release|Win32
		{FB488B90-3D13-4850-998A-F4421F936B0D}.Debug|x64.ActiveCfg = Debug|x64
		{FB488B90-3D13-4850-998A-F4421F936B0D}.Debug|x64.Build.0 = Debug|x64
		{FB488B90-3D13-4850-998A-F4421F936B0D}.Debug|x86.ActiveCfg = Debug|Win32
		{FB488B90-3D13-4850-998A-F4421F936B0D}.Debug|x86.Build.0 = Debug|Win32
		{FB488B90-3D13-4850-998A-F4421F936B0D}.Release|x64.ActiveCfg = Release|x64
		{FB488B90-3D13-4850-998A-F4421F936B0D}.Release|x64.Build.0 = Release|x64
		{FB488B90-3D13-4850-998A-F4421F936B0D}.Release|x86.ActiveCfg = Release|Win32
		{FB488B90-3D13-4850-998A-F4421F936B0D}.Release|x86.Build.0 = Release|Win32
		{9439A63F-B91E-4AE9-B301-0631717066E0}.Debug|x64.ActiveCfg = Debug|x64
		{9439A63F-B91E-4AE9-B301-0631717066E0}.Debug|x64.Build.0 = Debug|x64
		{9439A63F-B91E-4AE9-B301-0631717066E0}.Debug|x86.ActiveCfg = Debug|Win32
		{9439A63F-B91E-4AE9-B301-0631717066E0}.Debug|x86.Build.0 = Debug|Win32
		{9439A63F-B91E-4AE9-B301-0631717066E0}.Release|x64.ActiveCfg = Release|x64
		{9439A63F-B91E-4AE9-B301-0631717066E0}.Release|x64.Build.0 = Release|x64
		{9439A63F-B91E-4AE9-B301-0631717066E0}.Release|x86.ActiveCfg = Release|Win32
		{9439A63F-B91E-4AE9-B301-0631717066E0}.Release|x86.Build.0 = Release|Win32
		{754F45A6-A635-4424-9ABE-DFB1E85FB222}.Debug|x64.ActiveCfg = Debug|x64
		{754F45A6-A635-4424-9ABE-DFB1E85FB222}.Debug|x64.Build.0 = Debug|x64
		{754F45A6-A635-4424-9ABE-DFB1E85FB222}.Debug|x86.ActiveCfg = Debug|Win32
		{754F45A6-A635-4424-9ABE-DFB1E85FB222}.Debug|x86.Build.0 = Debug|Win32
		{754F45A6-A635-4424-9ABE-DFB1E85FB222}.Release|x64.ActiveCfg = Release|x64
		{754F45A6-A635-4424-9ABE-DFB1E85FB222}.Release|x64.Build.0 = Release|x64
		{754F45A6-A635-4424-9ABE-DFB1E85FB222}.Release|x86.ActiveCfg = Release|Win32
		{754F45A6-A635-4424-9ABE-DFB1E85FB222}.Release|x86.Build.0 = Release|Win32
		{0741319F-24A2-4BF5-A6D7-DCE6B58106BE}.Debug|x64.ActiveCfg = Debug|x64
		{0741319F-24A2-4BF5-A6D7-DCE6B58106BE}.Debug|x64.Build.0 = Debug|x64
		{0741319F-24A2-4BF5-A6D7-DCE6B58106BE}.Debug|x86.ActiveCfg = Debug|Win32
		{0741319F-24A2-4BF5-A6D7-DCE6B58106BE}.Debug|x86.Build.0 = Debug|Win32
		{0741319F-24A2-4BF5-A6D7-DCE6B58106BE}.Release|x64.ActiveCfg = Release|x64
		{0741319F-24A2-4BF5-A6D7-DCE6B58106BE}.Release|x64.Build.0 = Release|x64
		{0741319F-24A2-4BF5-A6D7-DCE6B58106BE}.Release|x86.ActiveCfg = Release|Win32
		{0741319F-24A2-4BF5-A6D7-DCE6B58106BE}.Release|x86.Build.0 = Release|Win32
		{6AF01C4E-3A88-4902-9373-66BCB86CB890}.Debug|x64.ActiveCfg = Debug|x64
		{6AF01C4E-3A88-4902-9373-66BCB86CB890}.Debug|x64.Build.0 = Debug|x64
		{6AF01C4E-3A88-4902-9373-66BCB86CB890}.Debug|x86.ActiveCfg = Debug|Win32
		{6AF01C4E-3A88-4902-9373-66BCB86CB890}.Debug|x86.Build.0 = Debug|Win32
		{6AF01C4E-3A88-4902-9373-66BCB86CB890}.Release|x64.ActiveCfg = Release|x64
		{6AF01C4E-3A88-4902-9373-66BCB86CB890}.Release|x64.Build.0 = Release|x64
		{6AF01C4E-3A88-4902-9373-66BCB86CB890}.Release|x86.ActiveCfg = Release|Win32
		{6AF01C4E-3A88-4902-9373-66BCB86CB890}.Release|x86.Build.0 = Release|Win32
		{7E3099DC-5CDB-4ACA-8949-F8404C8A2A33}.Debug|x64.ActiveCfg = Debug|x64
		{7E3099DC-5CDB-4ACA-8949-F8404C8A2A33}.Debug|x64.Build.0 = Debug|x64
		{7E3099DC-5CDB-4ACA-8949-F8404C8A2A33}.Debug|x86.ActiveCfg = Debug|Win32
		{7E3099DC-5CDB-4ACA-8949-F8404C8A2A33}.Debug|x86.Build.0 = Debug|Win32
		{7E3099DC-5CDB-4ACA-8949-F8404C8A2A33}.Release|x64.ActiveCfg = Release|x64
		{7E3099DC-5CDB-4ACA-8949-F8404C8A2A33}.Release|x64.Build.0 = Release|x64
		{7E3099DC-5CDB-4ACA-8949-F8404C8A2A33}.Release|x86.ActiveCfg = Release|Win32
		{7E3099DC-5CDB-4ACA-8949-F8404C8A2A33}.Release|x86.Build.0 = Release|Win32
		{5F8A9AD4-94D6-4A51-B948-CB3DD916F3DB}.Debug|x64.ActiveCfg = Debug|x64
		{5F8A9AD4-94D6-4A51-B948-CB3DD916F3DB}.Debug|x64.Build.0 = Debug|x64
		{5F8A9AD4-94D6-4A51-B948-CB3DD916F3DB}.Debug|x86.ActiveCfg = Debug|Win32
		{5F8A9AD4-94D6-4A51-B948-CB3DD916F3DB}.Debug|x86.Build.0 = Debug|Win32
		{5F8A9AD4-94D6-4A51-B948-CB3DD916F3DB}.Release|x64.ActiveCfg = Release|x64
		{5F8A9AD4-94D6-4A51-B948-CB3DD916F3DB}.Release|x64.Build.0 = Release|x64
		{5F8A9AD4-94D6-4A51-B948-CB3DD916F3DB}.Release|x86.ActiveCfg = Release|Win32
		{5F8A9AD4-94D6-4A51-B948-CB3DD916F3DB}.Release|x86.Build.0 = Release|Win32
		{A9C3A3DE-2D3D-4B27-A2FF-B932B878E586}.Debug|x64.ActiveCfg = Debug|x64
		{A9C3A3DE-2D3D-4B27-A2FF-B932B878E586}.Debug|x64.Build.0 = Debug|x64
		{A9C3A3DE-2D3D-4B27-A2FF-B932B878E586}.Debug|x86.ActiveCfg = Debug|Win32
		{A9C3A3DE-2D3D-4B27-A2FF-B932B878E586}.Debug|x86.Build.0 = Debug|Win32
		{A9C3A3DE-2D3D-4B27-A2FF-B932B878E586}.Release|x64.ActiveCfg = Release|x64
		{A9C3A3DE-2D3D-4B27-A2FF-B932B878E586}.Release|x64.Build.0 = Release|x64
		{A9C3A3DE-2D3D-4B27-A2FF-B932B878E586}.Release|x86.ActiveCfg = Release|Win32
		{A9C3A3DE-2D3D-4B27-A2FF-B932B878E586}.Release|x86.Build.0 = Release|Win32
		{FB1FD5FE-5394-4CC2-B34D-84455EE3CA00}.Debug|x64.ActiveCfg = Debug|x64
		{FB1FD5FE-5394-4CC2-B34D-84455EE3CA00}.Debug|x64.Build.0 = Debug|x64
		{FB1FD5FE-5394-4CC2-B34D-84455EE3CA00}.Debug|x86.ActiveCfg = Debug|Win32
		{FB1FD5FE-5394-4CC2-B34D-84455EE3CA00}.Debug|x86.Build.0 = Debug|Win32
		{FB1FD5FE-5394-4CC2-B34D-84455EE3CA00}.Release|x64.ActiveCfg = Release|x64
		{FB1FD5FE-5394-4CC2-B34D-84455EE3CA00}.Release|x64.Build.0 = Release|x64
		{FB1FD5FE-5394-4CC2-B34D-84455EE3CA00}.Release|x86.ActiveCfg = Release|Win32
		{FB1FD5FE-5394-4CC2-B34D-84455EE3CA00}.Release|x86.Build.0 = Release|Win32
		{BF4F1280-A051-4095-8EBA-EB807CE618C1}.Debug|x64.ActiveCfg = Debug|x64
		{BF4F1280-A051-4095-8EBA-EB807CE618C1}.Debug|x64.Build.0 = Debug|x64
		{BF4F1280-A051-4095-8EBA-EB807CE618C1}.Debug|x86.ActiveCfg = Debug|Win32
		{BF4F1280-A051-4095-8EBA-EB807CE618C1}.Debug|x86.Build.0 = Debug|Win32
		{BF4F1280-A051-4095-8EBA-EB807CE618C1}.Release|x64.ActiveCfg = Release|x64
		{BF4F1280-A051-4095-8EBA-EB807CE618C1}.Release|x64.Build.0 = Release|x64
		{BF4F1280-A051-4095-8EBA-EB807CE618C1}.Release|x86.ActiveCfg = Release|Win32
		{BF4F1280-A051-4095-8EBA-EB807CE618C1}.Release|x86.Build.0 = Release|Win32
	EndGlobalSection
	GlobalSection(SolutionProperties) = preSolution
		HideSolutionNode = FALSE
	EndGlobalSection
	GlobalSection(ExtensibilityGlobals) = postSolution
		SolutionGuid = {D1233012-D43C-4BC3-88EC-9990C7755E22}
	EndGlobalSection
EndGlobal
